
Microsoft Visual Studio Solution File, Format Version 12.00
# Visual Studio Version 16
VisualStudioVersion = 16.0.29326.143
MinimumVisualStudioVersion = 10.0.40219.1
Project("{2150E333-8FDC-42A3-9474-1A3956D46DE8}") = "Core", "Core", "{78E34DBC-6BD8-4D68-84AA-3C28B16767C8}"
EndProject
Project("{2150E333-8FDC-42A3-9474-1A3956D46DE8}") = "Infrastructure", "Infrastructure", "{38748EC1-D803-4A5E-8BC0-52C2615E9434}"
EndProject
Project("{2150E333-8FDC-42A3-9474-1A3956D46DE8}") = "UI", "UI", "{736AD09D-848D-4650-BB04-43336E8959C8}"
EndProject
Project("{9A19103F-16F7-4668-BE54-9A1E7A4F7556}") = "Bastion.Core", "Bastion.Core\Bastion.Core.csproj", "{39FB1189-FBE7-4DBA-ABD4-063BBF0C2DFF}"
EndProject
Project("{9A19103F-16F7-4668-BE54-9A1E7A4F7556}") = "Bastion.Core.Entity", "Bastion.Core.Entity\Bastion.Core.Entity.csproj", "{B9E0596F-DF84-4A89-831F-26A2B6630771}"
EndProject
Project("{9A19103F-16F7-4668-BE54-9A1E7A4F7556}") = "Bastion.Infrastructure.SQLData", "Bastion.Infrastructure.SQLData\Bastion.Infrastructure.SQLData.csproj", "{8117E3E3-2BCD-4049-B4DD-7266F353FED7}"
EndProject
Project("{FAE04EC0-301F-11D3-BF4B-00C04F79EFBC}") = "Bastion.UI.RestAPI", "Bastion.UI.RestAPI\Bastion.UI.RestAPI.csproj", "{6C5364D1-BFEE-4883-AE92-EB71D274B480}"
EndProject
Global
	GlobalSection(SolutionConfigurationPlatforms) = preSolution
		Debug|Any CPU = Debug|Any CPU
		Release|Any CPU = Release|Any CPU
	EndGlobalSection
	GlobalSection(ProjectConfigurationPlatforms) = postSolution
		{39FB1189-FBE7-4DBA-ABD4-063BBF0C2DFF}.Debug|Any CPU.ActiveCfg = Debug|Any CPU
		{39FB1189-FBE7-4DBA-ABD4-063BBF0C2DFF}.Debug|Any CPU.Build.0 = Debug|Any CPU
		{39FB1189-FBE7-4DBA-ABD4-063BBF0C2DFF}.Release|Any CPU.ActiveCfg = Release|Any CPU
		{39FB1189-FBE7-4DBA-ABD4-063BBF0C2DFF}.Release|Any CPU.Build.0 = Release|Any CPU
		{B9E0596F-DF84-4A89-831F-26A2B6630771}.Debug|Any CPU.ActiveCfg = Debug|Any CPU
		{B9E0596F-DF84-4A89-831F-26A2B6630771}.Debug|Any CPU.Build.0 = Debug|Any CPU
		{B9E0596F-DF84-4A89-831F-26A2B6630771}.Release|Any CPU.ActiveCfg = Release|Any CPU
		{B9E0596F-DF84-4A89-831F-26A2B6630771}.Release|Any CPU.Build.0 = Release|Any CPU
		{8117E3E3-2BCD-4049-B4DD-7266F353FED7}.Debug|Any CPU.ActiveCfg = Debug|Any CPU
		{8117E3E3-2BCD-4049-B4DD-7266F353FED7}.Debug|Any CPU.Build.0 = Debug|Any CPU
		{8117E3E3-2BCD-4049-B4DD-7266F353FED7}.Release|Any CPU.ActiveCfg = Release|Any CPU
		{8117E3E3-2BCD-4049-B4DD-7266F353FED7}.Release|Any CPU.Build.0 = Release|Any CPU
		{6C5364D1-BFEE-4883-AE92-EB71D274B480}.Debug|Any CPU.ActiveCfg = Debug|Any CPU
		{6C5364D1-BFEE-4883-AE92-EB71D274B480}.Debug|Any CPU.Build.0 = Debug|Any CPU
		{6C5364D1-BFEE-4883-AE92-EB71D274B480}.Release|Any CPU.ActiveCfg = Release|Any CPU
		{6C5364D1-BFEE-4883-AE92-EB71D274B480}.Release|Any CPU.Build.0 = Release|Any CPU
	EndGlobalSection
	GlobalSection(SolutionProperties) = preSolution
		HideSolutionNode = FALSE
	EndGlobalSection
	GlobalSection(NestedProjects) = preSolution
		{39FB1189-FBE7-4DBA-ABD4-063BBF0C2DFF} = {78E34DBC-6BD8-4D68-84AA-3C28B16767C8}
		{B9E0596F-DF84-4A89-831F-26A2B6630771} = {78E34DBC-6BD8-4D68-84AA-3C28B16767C8}
		{8117E3E3-2BCD-4049-B4DD-7266F353FED7} = {38748EC1-D803-4A5E-8BC0-52C2615E9434}
		{6C5364D1-BFEE-4883-AE92-EB71D274B480} = {736AD09D-848D-4650-BB04-43336E8959C8}
	EndGlobalSection
	GlobalSection(ExtensibilityGlobals) = postSolution
		SolutionGuid = {BDC274FB-89F1-4772-AB7C-9FB323CC60A7}
	EndGlobalSection
EndGlobal
